
Microsoft Visual Studio Solution File, Format Version 12.00
# Visual Studio Version 17
VisualStudioVersion = 17.6.33829.357
MinimumVisualStudioVersion = 10.0.40219.1
Project("{FAE04EC0-301F-11D3-BF4B-00C04F79EFBC}") = "JaggedArray vs MultidimensionalArray", "JaggedArray vs MultidimensionalArray\JaggedArray vs MultidimensionalArray.csproj", "{D13D3525-3C0C-4C4F-8F17-C8F3862BC4EC}"
EndProject
Global
	GlobalSection(SolutionConfigurationPlatforms) = preSolution
		Debug|Any CPU = Debug|Any CPU
		Release|Any CPU = Release|Any CPU
	EndGlobalSection
	GlobalSection(ProjectConfigurationPlatforms) = postSolution
		{D13D3525-3C0C-4C4F-8F17-C8F3862BC4EC}.Debug|Any CPU.ActiveCfg = Debug|Any CPU
		{D13D3525-3C0C-4C4F-8F17-C8F3862BC4EC}.Debug|Any CPU.Build.0 = Debug|Any CPU
		{D13D3525-3C0C-4C4F-8F17-C8F3862BC4EC}.Release|Any CPU.ActiveCfg = Release|Any CPU
		{D13D3525-3C0C-4C4F-8F17-C8F3862BC4EC}.Release|Any CPU.Build.0 = Release|Any CPU
	EndGlobalSection
	GlobalSection(SolutionProperties) = preSolution
		HideSolutionNode = FALSE
	EndGlobalSection
	GlobalSection(ExtensibilityGlobals) = postSolution
		SolutionGuid = {594C6488-69AA-4131-B9EF-B3F95AB712FF}
	EndGlobalSection
EndGlobal
